// !$*UTF8*$!
{
	archiveVersion = 1;
	classes = {
	};
	objectVersion = 56;
	objects = {

/* Begin PBXBuildFile section */
		BBC13D772B27BE8D009AEB25 /* 01-01.cpp in Sources */ = {isa = PBXBuildFile; fileRef = BBC13D752B27BE8D009AEB25 /* 01-01.cpp */; };
		BBC13D7A2B27BF3E009AEB25 /* 01-input.in in CopyFiles */ = {isa = PBXBuildFile; fileRef = BBC13D782B27BEF5009AEB25 /* 01-input.in */; };
		BBC13D7D2B27BFB3009AEB25 /* 01-02.cpp in Sources */ = {isa = PBXBuildFile; fileRef = BBC13D7B2B27BFB3009AEB25 /* 01-02.cpp */; };
		BBC13D812B27C068009AEB25 /* 02-helpers.cpp in Sources */ = {isa = PBXBuildFile; fileRef = BBC13D7F2B27C068009AEB25 /* 02-helpers.cpp */; };
		BBC13D862B27C0AD009AEB25 /* strings.cpp in Sources */ = {isa = PBXBuildFile; fileRef = BBC13D842B27C0AD009AEB25 /* strings.cpp */; };
		BBC13D892B27C0E2009AEB25 /* 02-01.cpp in Sources */ = {isa = PBXBuildFile; fileRef = BBC13D872B27C0E2009AEB25 /* 02-01.cpp */; };
		BBC13D8B2B27C11A009AEB25 /* 02-input.in in CopyFiles */ = {isa = PBXBuildFile; fileRef = BBC13D8A2B27C102009AEB25 /* 02-input.in */; };
		BBC13D8E2B27C19F009AEB25 /* 02-02.cpp in Sources */ = {isa = PBXBuildFile; fileRef = BBC13D8C2B27C19F009AEB25 /* 02-02.cpp */; };
		BBC13D922B27C266009AEB25 /* 03-01.cpp in Sources */ = {isa = PBXBuildFile; fileRef = BBC13D902B27C266009AEB25 /* 03-01.cpp */; };
		BBC13D942B27C2AE009AEB25 /* 03-input.in in CopyFiles */ = {isa = PBXBuildFile; fileRef = BBC13D932B27C26A009AEB25 /* 03-input.in */; };
		BBE5A4E52B28F36A00B54F02 /* 03-02.cpp in Sources */ = {isa = PBXBuildFile; fileRef = BBE5A4E32B28F36A00B54F02 /* 03-02.cpp */; };
		BBE5A4E82B28F3FD00B54F02 /* 03-helpers.cpp in Sources */ = {isa = PBXBuildFile; fileRef = BBE5A4E62B28F3FC00B54F02 /* 03-helpers.cpp */; };
		BBE5A4EB2B29152F00B54F02 /* 04-input.in in CopyFiles */ = {isa = PBXBuildFile; fileRef = BBE5A4EA2B29151E00B54F02 /* 04-input.in */; };
		BBE5A4EE2B29179300B54F02 /* 04-01.cpp in Sources */ = {isa = PBXBuildFile; fileRef = BBE5A4EC2B29179300B54F02 /* 04-01.cpp */; };
		BBE5A4F12B291E1C00B54F02 /* 04-02.cpp in Sources */ = {isa = PBXBuildFile; fileRef = BBE5A4EF2B291E1C00B54F02 /* 04-02.cpp */; };
		BBE5A4F42B291E4100B54F02 /* 04-helpers.cpp in Sources */ = {isa = PBXBuildFile; fileRef = BBE5A4F22B291E4100B54F02 /* 04-helpers.cpp */; };
		BBE5D5312B27B929008C19BA /* main.cpp in Sources */ = {isa = PBXBuildFile; fileRef = BBE5D5302B27B929008C19BA /* main.cpp */; };
/* End PBXBuildFile section */

/* Begin PBXCopyFilesBuildPhase section */
		BBC13D792B27BF38009AEB25 /* CopyFiles */ = {
			isa = PBXCopyFilesBuildPhase;
			buildActionMask = 2147483647;
			dstPath = "";
			dstSubfolderSpec = 7;
			files = (
				BBE5A4EB2B29152F00B54F02 /* 04-input.in in CopyFiles */,
				BBC13D942B27C2AE009AEB25 /* 03-input.in in CopyFiles */,
				BBC13D8B2B27C11A009AEB25 /* 02-input.in in CopyFiles */,
				BBC13D7A2B27BF3E009AEB25 /* 01-input.in in CopyFiles */,
			);
			runOnlyForDeploymentPostprocessing = 0;
		};
		BBE5D52B2B27B929008C19BA /* CopyFiles */ = {
			isa = PBXCopyFilesBuildPhase;
			buildActionMask = 2147483647;
			dstPath = /usr/share/man/man1/;
			dstSubfolderSpec = 0;
			files = (
			);
			runOnlyForDeploymentPostprocessing = 1;
		};
/* End PBXCopyFilesBuildPhase section */

/* Begin PBXFileReference section */
		BBC13D752B27BE8D009AEB25 /* 01-01.cpp */ = {isa = PBXFileReference; lastKnownFileType = sourcecode.cpp.cpp; path = "01-01.cpp"; sourceTree = "<group>"; };
		BBC13D762B27BE8D009AEB25 /* 01-01.hpp */ = {isa = PBXFileReference; lastKnownFileType = sourcecode.cpp.h; path = "01-01.hpp"; sourceTree = "<group>"; };
		BBC13D782B27BEF5009AEB25 /* 01-input.in */ = {isa = PBXFileReference; fileEncoding = 4; lastKnownFileType = text; path = "01-input.in"; sourceTree = "<group>"; };
		BBC13D7B2B27BFB3009AEB25 /* 01-02.cpp */ = {isa = PBXFileReference; lastKnownFileType = sourcecode.cpp.cpp; path = "01-02.cpp"; sourceTree = "<group>"; };
		BBC13D7C2B27BFB3009AEB25 /* 01-02.hpp */ = {isa = PBXFileReference; lastKnownFileType = sourcecode.cpp.h; path = "01-02.hpp"; sourceTree = "<group>"; };
		BBC13D7F2B27C068009AEB25 /* 02-helpers.cpp */ = {isa = PBXFileReference; lastKnownFileType = sourcecode.cpp.cpp; path = "02-helpers.cpp"; sourceTree = "<group>"; };
		BBC13D802B27C068009AEB25 /* 02-helpers.hpp */ = {isa = PBXFileReference; lastKnownFileType = sourcecode.cpp.h; path = "02-helpers.hpp"; sourceTree = "<group>"; };
		BBC13D842B27C0AD009AEB25 /* strings.cpp */ = {isa = PBXFileReference; lastKnownFileType = sourcecode.cpp.cpp; path = strings.cpp; sourceTree = "<group>"; };
		BBC13D852B27C0AD009AEB25 /* strings.hpp */ = {isa = PBXFileReference; lastKnownFileType = sourcecode.cpp.h; path = strings.hpp; sourceTree = "<group>"; };
		BBC13D872B27C0E2009AEB25 /* 02-01.cpp */ = {isa = PBXFileReference; lastKnownFileType = sourcecode.cpp.cpp; path = "02-01.cpp"; sourceTree = "<group>"; };
		BBC13D882B27C0E2009AEB25 /* 02-01.hpp */ = {isa = PBXFileReference; lastKnownFileType = sourcecode.cpp.h; path = "02-01.hpp"; sourceTree = "<group>"; };
		BBC13D8A2B27C102009AEB25 /* 02-input.in */ = {isa = PBXFileReference; lastKnownFileType = text; path = "02-input.in"; sourceTree = "<group>"; };
		BBC13D8C2B27C19F009AEB25 /* 02-02.cpp */ = {isa = PBXFileReference; lastKnownFileType = sourcecode.cpp.cpp; path = "02-02.cpp"; sourceTree = "<group>"; };
		BBC13D8D2B27C19F009AEB25 /* 02-02.hpp */ = {isa = PBXFileReference; lastKnownFileType = sourcecode.cpp.h; path = "02-02.hpp"; sourceTree = "<group>"; };
		BBC13D902B27C266009AEB25 /* 03-01.cpp */ = {isa = PBXFileReference; lastKnownFileType = sourcecode.cpp.cpp; path = "03-01.cpp"; sourceTree = "<group>"; };
		BBC13D912B27C266009AEB25 /* 03-01.hpp */ = {isa = PBXFileReference; lastKnownFileType = sourcecode.cpp.h; path = "03-01.hpp"; sourceTree = "<group>"; };
		BBC13D932B27C26A009AEB25 /* 03-input.in */ = {isa = PBXFileReference; lastKnownFileType = text; path = "03-input.in"; sourceTree = "<group>"; };
		BBE5A4E32B28F36A00B54F02 /* 03-02.cpp */ = {isa = PBXFileReference; lastKnownFileType = sourcecode.cpp.cpp; path = "03-02.cpp"; sourceTree = "<group>"; };
		BBE5A4E42B28F36A00B54F02 /* 03-02.hpp */ = {isa = PBXFileReference; lastKnownFileType = sourcecode.cpp.h; path = "03-02.hpp"; sourceTree = "<group>"; };
		BBE5A4E62B28F3FC00B54F02 /* 03-helpers.cpp */ = {isa = PBXFileReference; lastKnownFileType = sourcecode.cpp.cpp; path = "03-helpers.cpp"; sourceTree = "<group>"; };
		BBE5A4E72B28F3FC00B54F02 /* 03-helpers.hpp */ = {isa = PBXFileReference; lastKnownFileType = sourcecode.cpp.h; path = "03-helpers.hpp"; sourceTree = "<group>"; };
		BBE5A4EA2B29151E00B54F02 /* 04-input.in */ = {isa = PBXFileReference; lastKnownFileType = text; path = "04-input.in"; sourceTree = "<group>"; };
		BBE5A4EC2B29179300B54F02 /* 04-01.cpp */ = {isa = PBXFileReference; lastKnownFileType = sourcecode.cpp.cpp; path = "04-01.cpp"; sourceTree = "<group>"; };
		BBE5A4ED2B29179300B54F02 /* 04-01.hpp */ = {isa = PBXFileReference; lastKnownFileType = sourcecode.cpp.h; path = "04-01.hpp"; sourceTree = "<group>"; };
		BBE5A4EF2B291E1C00B54F02 /* 04-02.cpp */ = {isa = PBXFileReference; lastKnownFileType = sourcecode.cpp.cpp; path = "04-02.cpp"; sourceTree = "<group>"; };
		BBE5A4F02B291E1C00B54F02 /* 04-02.hpp */ = {isa = PBXFileReference; lastKnownFileType = sourcecode.cpp.h; path = "04-02.hpp"; sourceTree = "<group>"; };
		BBE5A4F22B291E4100B54F02 /* 04-helpers.cpp */ = {isa = PBXFileReference; lastKnownFileType = sourcecode.cpp.cpp; path = "04-helpers.cpp"; sourceTree = "<group>"; };
		BBE5A4F32B291E4100B54F02 /* 04-helpers.hpp */ = {isa = PBXFileReference; lastKnownFileType = sourcecode.cpp.h; path = "04-helpers.hpp"; sourceTree = "<group>"; };
		BBE5D52D2B27B929008C19BA /* aoc-23 */ = {isa = PBXFileReference; explicitFileType = "compiled.mach-o.executable"; includeInIndex = 0; path = "aoc-23"; sourceTree = BUILT_PRODUCTS_DIR; };
		BBE5D5302B27B929008C19BA /* main.cpp */ = {isa = PBXFileReference; lastKnownFileType = sourcecode.cpp.cpp; path = main.cpp; sourceTree = "<group>"; };
/* End PBXFileReference section */

/* Begin PBXFrameworksBuildPhase section */
		BBE5D52A2B27B929008C19BA /* Frameworks */ = {
			isa = PBXFrameworksBuildPhase;
			buildActionMask = 2147483647;
			files = (
			);
			runOnlyForDeploymentPostprocessing = 0;
		};
/* End PBXFrameworksBuildPhase section */

/* Begin PBXGroup section */
		BBC13D742B27BE6E009AEB25 /* 01 */ = {
			isa = PBXGroup;
			children = (
				BBC13D782B27BEF5009AEB25 /* 01-input.in */,
				BBC13D752B27BE8D009AEB25 /* 01-01.cpp */,
				BBC13D762B27BE8D009AEB25 /* 01-01.hpp */,
				BBC13D7B2B27BFB3009AEB25 /* 01-02.cpp */,
				BBC13D7C2B27BFB3009AEB25 /* 01-02.hpp */,
			);
			path = 01;
			sourceTree = "<group>";
		};
		BBC13D7E2B27C043009AEB25 /* 02 */ = {
			isa = PBXGroup;
			children = (
				BBC13D8A2B27C102009AEB25 /* 02-input.in */,
				BBC13D7F2B27C068009AEB25 /* 02-helpers.cpp */,
				BBC13D802B27C068009AEB25 /* 02-helpers.hpp */,
				BBC13D872B27C0E2009AEB25 /* 02-01.cpp */,
				BBC13D882B27C0E2009AEB25 /* 02-01.hpp */,
				BBC13D8C2B27C19F009AEB25 /* 02-02.cpp */,
				BBC13D8D2B27C19F009AEB25 /* 02-02.hpp */,
			);
			path = 02;
			sourceTree = "<group>";
		};
		BBC13D822B27C098009AEB25 /* utils */ = {
			isa = PBXGroup;
			children = (
				BBC13D842B27C0AD009AEB25 /* strings.cpp */,
				BBC13D852B27C0AD009AEB25 /* strings.hpp */,
			);
			path = utils;
			sourceTree = "<group>";
		};
		BBC13D8F2B27C250009AEB25 /* 03 */ = {
			isa = PBXGroup;
			children = (
				BBC13D932B27C26A009AEB25 /* 03-input.in */,
				BBC13D902B27C266009AEB25 /* 03-01.cpp */,
				BBC13D912B27C266009AEB25 /* 03-01.hpp */,
				BBE5A4E32B28F36A00B54F02 /* 03-02.cpp */,
				BBE5A4E42B28F36A00B54F02 /* 03-02.hpp */,
				BBE5A4E62B28F3FC00B54F02 /* 03-helpers.cpp */,
				BBE5A4E72B28F3FC00B54F02 /* 03-helpers.hpp */,
			);
			path = 03;
			sourceTree = "<group>";
		};
		BBE5A4E92B29151700B54F02 /* 04 */ = {
			isa = PBXGroup;
			children = (
				BBE5A4EA2B29151E00B54F02 /* 04-input.in */,
				BBE5A4EC2B29179300B54F02 /* 04-01.cpp */,
				BBE5A4ED2B29179300B54F02 /* 04-01.hpp */,
				BBE5A4EF2B291E1C00B54F02 /* 04-02.cpp */,
				BBE5A4F02B291E1C00B54F02 /* 04-02.hpp */,
				BBE5A4F22B291E4100B54F02 /* 04-helpers.cpp */,
				BBE5A4F32B291E4100B54F02 /* 04-helpers.hpp */,
			);
			path = 04;
			sourceTree = "<group>";
		};
		BBE5D5242B27B929008C19BA = {
			isa = PBXGroup;
			children = (
				BBE5D52F2B27B929008C19BA /* aoc-23 */,
				BBE5D52E2B27B929008C19BA /* Products */,
			);
			sourceTree = "<group>";
		};
		BBE5D52E2B27B929008C19BA /* Products */ = {
			isa = PBXGroup;
			children = (
				BBE5D52D2B27B929008C19BA /* aoc-23 */,
			);
			name = Products;
			sourceTree = "<group>";
		};
		BBE5D52F2B27B929008C19BA /* aoc-23 */ = {
			isa = PBXGroup;
			children = (
				BBE5A4E92B29151700B54F02 /* 04 */,
				BBC13D8F2B27C250009AEB25 /* 03 */,
				BBC13D7E2B27C043009AEB25 /* 02 */,
				BBC13D742B27BE6E009AEB25 /* 01 */,
				BBC13D822B27C098009AEB25 /* utils */,
				BBE5D5302B27B929008C19BA /* main.cpp */,
			);
			path = "aoc-23";
			sourceTree = "<group>";
		};
/* End PBXGroup section */

/* Begin PBXNativeTarget section */
		BBE5D52C2B27B929008C19BA /* aoc-23 */ = {
			isa = PBXNativeTarget;
			buildConfigurationList = BBE5D5342B27B929008C19BA /* Build configuration list for PBXNativeTarget "aoc-23" */;
			buildPhases = (
				BBE5D5292B27B929008C19BA /* Sources */,
				BBE5D52A2B27B929008C19BA /* Frameworks */,
				BBE5D52B2B27B929008C19BA /* CopyFiles */,
				BBC13D792B27BF38009AEB25 /* CopyFiles */,
			);
			buildRules = (
			);
			dependencies = (
			);
			name = "aoc-23";
			productName = "aoc-23";
			productReference = BBE5D52D2B27B929008C19BA /* aoc-23 */;
			productType = "com.apple.product-type.tool";
		};
/* End PBXNativeTarget section */

/* Begin PBXProject section */
		BBE5D5252B27B929008C19BA /* Project object */ = {
			isa = PBXProject;
			attributes = {
				BuildIndependentTargetsInParallel = 1;
				LastUpgradeCheck = 1500;
				TargetAttributes = {
					BBE5D52C2B27B929008C19BA = {
						CreatedOnToolsVersion = 15.0;
					};
				};
			};
			buildConfigurationList = BBE5D5282B27B929008C19BA /* Build configuration list for PBXProject "aoc-23" */;
			compatibilityVersion = "Xcode 14.0";
			developmentRegion = en;
			hasScannedForEncodings = 0;
			knownRegions = (
				en,
				Base,
			);
			mainGroup = BBE5D5242B27B929008C19BA;
			productRefGroup = BBE5D52E2B27B929008C19BA /* Products */;
			projectDirPath = "";
			projectRoot = "";
			targets = (
				BBE5D52C2B27B929008C19BA /* aoc-23 */,
			);
		};
/* End PBXProject section */

/* Begin PBXSourcesBuildPhase section */
		BBE5D5292B27B929008C19BA /* Sources */ = {
			isa = PBXSourcesBuildPhase;
			buildActionMask = 2147483647;
			files = (
				BBE5A4F42B291E4100B54F02 /* 04-helpers.cpp in Sources */,
				BBC13D892B27C0E2009AEB25 /* 02-01.cpp in Sources */,
				BBC13D7D2B27BFB3009AEB25 /* 01-02.cpp in Sources */,
				BBE5A4EE2B29179300B54F02 /* 04-01.cpp in Sources */,
				BBC13D812B27C068009AEB25 /* 02-helpers.cpp in Sources */,
				BBC13D922B27C266009AEB25 /* 03-01.cpp in Sources */,
				BBC13D8E2B27C19F009AEB25 /* 02-02.cpp in Sources */,
				BBE5D5312B27B929008C19BA /* main.cpp in Sources */,
				BBE5A4E82B28F3FD00B54F02 /* 03-helpers.cpp in Sources */,
				BBE5A4E52B28F36A00B54F02 /* 03-02.cpp in Sources */,
				BBE5A4F12B291E1C00B54F02 /* 04-02.cpp in Sources */,
				BBC13D772B27BE8D009AEB25 /* 01-01.cpp in Sources */,
				BBC13D862B27C0AD009AEB25 /* strings.cpp in Sources */,
			);
			runOnlyForDeploymentPostprocessing = 0;
		};
/* End PBXSourcesBuildPhase section */

/* Begin XCBuildConfiguration section */
		BBE5D5322B27B929008C19BA /* Debug */ = {
			isa = XCBuildConfiguration;
			buildSettings = {
				ALWAYS_SEARCH_USER_PATHS = NO;
				ASSETCATALOG_COMPILER_GENERATE_SWIFT_ASSET_SYMBOL_EXTENSIONS = YES;
				CLANG_ANALYZER_NONNULL = YES;
				CLANG_ANALYZER_NUMBER_OBJECT_CONVERSION = YES_AGGRESSIVE;
				CLANG_CXX_LANGUAGE_STANDARD = "gnu++20";
				CLANG_ENABLE_MODULES = YES;
				CLANG_ENABLE_OBJC_ARC = YES;
				CLANG_ENABLE_OBJC_WEAK = YES;
				CLANG_WARN_BLOCK_CAPTURE_AUTORELEASING = YES;
				CLANG_WARN_BOOL_CONVERSION = YES;
				CLANG_WARN_COMMA = YES;
				CLANG_WARN_CONSTANT_CONVERSION = YES;
				CLANG_WARN_DEPRECATED_OBJC_IMPLEMENTATIONS = YES;
				CLANG_WARN_DIRECT_OBJC_ISA_USAGE = YES_ERROR;
				CLANG_WARN_DOCUMENTATION_COMMENTS = YES;
				CLANG_WARN_EMPTY_BODY = YES;
				CLANG_WARN_ENUM_CONVERSION = YES;
				CLANG_WARN_INFINITE_RECURSION = YES;
				CLANG_WARN_INT_CONVERSION = YES;
				CLANG_WARN_NON_LITERAL_NULL_CONVERSION = YES;
				CLANG_WARN_OBJC_IMPLICIT_RETAIN_SELF = YES;
				CLANG_WARN_OBJC_LITERAL_CONVERSION = YES;
				CLANG_WARN_OBJC_ROOT_CLASS = YES_ERROR;
				CLANG_WARN_QUOTED_INCLUDE_IN_FRAMEWORK_HEADER = YES;
				CLANG_WARN_RANGE_LOOP_ANALYSIS = YES;
				CLANG_WARN_STRICT_PROTOTYPES = YES;
				CLANG_WARN_SUSPICIOUS_MOVE = YES;
				CLANG_WARN_UNGUARDED_AVAILABILITY = YES_AGGRESSIVE;
				CLANG_WARN_UNREACHABLE_CODE = YES;
				CLANG_WARN__DUPLICATE_METHOD_MATCH = YES;
				COPY_PHASE_STRIP = NO;
				DEBUG_INFORMATION_FORMAT = dwarf;
				ENABLE_STRICT_OBJC_MSGSEND = YES;
				ENABLE_TESTABILITY = YES;
				ENABLE_USER_SCRIPT_SANDBOXING = YES;
				GCC_C_LANGUAGE_STANDARD = gnu17;
				GCC_DYNAMIC_NO_PIC = NO;
				GCC_NO_COMMON_BLOCKS = YES;
				GCC_OPTIMIZATION_LEVEL = 0;
				GCC_PREPROCESSOR_DEFINITIONS = (
					"DEBUG=1",
					"$(inherited)",
				);
				GCC_WARN_64_TO_32_BIT_CONVERSION = YES;
				GCC_WARN_ABOUT_RETURN_TYPE = YES_ERROR;
				GCC_WARN_UNDECLARED_SELECTOR = YES;
				GCC_WARN_UNINITIALIZED_AUTOS = YES_AGGRESSIVE;
				GCC_WARN_UNUSED_FUNCTION = YES;
				GCC_WARN_UNUSED_VARIABLE = YES;
				LOCALIZATION_PREFERS_STRING_CATALOGS = YES;
				MACOSX_DEPLOYMENT_TARGET = 13.6;
				MTL_ENABLE_DEBUG_INFO = INCLUDE_SOURCE;
				MTL_FAST_MATH = YES;
				ONLY_ACTIVE_ARCH = YES;
				SDKROOT = macosx;
			};
			name = Debug;
		};
		BBE5D5332B27B929008C19BA /* Release */ = {
			isa = XCBuildConfiguration;
			buildSettings = {
				ALWAYS_SEARCH_USER_PATHS = NO;
				ASSETCATALOG_COMPILER_GENERATE_SWIFT_ASSET_SYMBOL_EXTENSIONS = YES;
				CLANG_ANALYZER_NONNULL = YES;
				CLANG_ANALYZER_NUMBER_OBJECT_CONVERSION = YES_AGGRESSIVE;
				CLANG_CXX_LANGUAGE_STANDARD = "gnu++20";
				CLANG_ENABLE_MODULES = YES;
				CLANG_ENABLE_OBJC_ARC = YES;
				CLANG_ENABLE_OBJC_WEAK = YES;
				CLANG_WARN_BLOCK_CAPTURE_AUTORELEASING = YES;
				CLANG_WARN_BOOL_CONVERSION = YES;
				CLANG_WARN_COMMA = YES;
				CLANG_WARN_CONSTANT_CONVERSION = YES;
				CLANG_WARN_DEPRECATED_OBJC_IMPLEMENTATIONS = YES;
				CLANG_WARN_DIRECT_OBJC_ISA_USAGE = YES_ERROR;
				CLANG_WARN_DOCUMENTATION_COMMENTS = YES;
				CLANG_WARN_EMPTY_BODY = YES;
				CLANG_WARN_ENUM_CONVERSION = YES;
				CLANG_WARN_INFINITE_RECURSION = YES;
				CLANG_WARN_INT_CONVERSION = YES;
				CLANG_WARN_NON_LITERAL_NULL_CONVERSION = YES;
				CLANG_WARN_OBJC_IMPLICIT_RETAIN_SELF = YES;
				CLANG_WARN_OBJC_LITERAL_CONVERSION = YES;
				CLANG_WARN_OBJC_ROOT_CLASS = YES_ERROR;
				CLANG_WARN_QUOTED_INCLUDE_IN_FRAMEWORK_HEADER = YES;
				CLANG_WARN_RANGE_LOOP_ANALYSIS = YES;
				CLANG_WARN_STRICT_PROTOTYPES = YES;
				CLANG_WARN_SUSPICIOUS_MOVE = YES;
				CLANG_WARN_UNGUARDED_AVAILABILITY = YES_AGGRESSIVE;
				CLANG_WARN_UNREACHABLE_CODE = YES;
				CLANG_WARN__DUPLICATE_METHOD_MATCH = YES;
				COPY_PHASE_STRIP = NO;
				DEBUG_INFORMATION_FORMAT = "dwarf-with-dsym";
				ENABLE_NS_ASSERTIONS = NO;
				ENABLE_STRICT_OBJC_MSGSEND = YES;
				ENABLE_USER_SCRIPT_SANDBOXING = YES;
				GCC_C_LANGUAGE_STANDARD = gnu17;
				GCC_NO_COMMON_BLOCKS = YES;
				GCC_WARN_64_TO_32_BIT_CONVERSION = YES;
				GCC_WARN_ABOUT_RETURN_TYPE = YES_ERROR;
				GCC_WARN_UNDECLARED_SELECTOR = YES;
				GCC_WARN_UNINITIALIZED_AUTOS = YES_AGGRESSIVE;
				GCC_WARN_UNUSED_FUNCTION = YES;
				GCC_WARN_UNUSED_VARIABLE = YES;
				LOCALIZATION_PREFERS_STRING_CATALOGS = YES;
				MACOSX_DEPLOYMENT_TARGET = 13.6;
				MTL_ENABLE_DEBUG_INFO = NO;
				MTL_FAST_MATH = YES;
				SDKROOT = macosx;
			};
			name = Release;
		};
		BBE5D5352B27B929008C19BA /* Debug */ = {
			isa = XCBuildConfiguration;
			buildSettings = {
				CODE_SIGN_STYLE = Automatic;
				PRODUCT_NAME = "$(TARGET_NAME)";
			};
			name = Debug;
		};
		BBE5D5362B27B929008C19BA /* Release */ = {
			isa = XCBuildConfiguration;
			buildSettings = {
				CODE_SIGN_STYLE = Automatic;
				PRODUCT_NAME = "$(TARGET_NAME)";
			};
			name = Release;
		};
/* End XCBuildConfiguration section */

/* Begin XCConfigurationList section */
		BBE5D5282B27B929008C19BA /* Build configuration list for PBXProject "aoc-23" */ = {
			isa = XCConfigurationList;
			buildConfigurations = (
				BBE5D5322B27B929008C19BA /* Debug */,
				BBE5D5332B27B929008C19BA /* Release */,
			);
			defaultConfigurationIsVisible = 0;
			defaultConfigurationName = Release;
		};
		BBE5D5342B27B929008C19BA /* Build configuration list for PBXNativeTarget "aoc-23" */ = {
			isa = XCConfigurationList;
			buildConfigurations = (
				BBE5D5352B27B929008C19BA /* Debug */,
				BBE5D5362B27B929008C19BA /* Release */,
			);
			defaultConfigurationIsVisible = 0;
			defaultConfigurationName = Release;
		};
/* End XCConfigurationList section */
	};
	rootObject = BBE5D5252B27B929008C19BA /* Project object */;
}
